{
  "nodes": {
    "flakeNimbleLib": {
      "inputs": {
        "nixpkgs": [
          "nixpkgs"
        ]
      },
      "locked": {
        "lastModified": 1662018438,
        "narHash": "sha256-QtNtU6+LX3Wokxf0zlFwKTFOcn6TeDjKQZ+DA9OYtvM=",
        "owner": "riinr",
        "repo": "nim-flakes-lib",
        "rev": "b1fe8340736e3a85d25c709ac3dfd82a55c03cbf",
        "type": "github"
      },
      "original": {
        "owner": "riinr",
        "ref": "master",
        "repo": "nim-flakes-lib",
        "type": "github"
      }
    },
    "nixpkgs": {
      "locked": {
        "lastModified": 1667110639,
        "narHash": "sha256-4FbPESZ5LbqQxkJJJBAfk/zKgF9h/4kyUwjjpJwYlbc=",
        "owner": "NixOS",
        "repo": "nixpkgs",
        "rev": "f38a1f04d1bec1feb61fd101a0539ae2002a7087",
        "type": "github"
      },
      "original": {
        "id": "nixpkgs",
        "type": "indirect"
      }
    },
    "onedrive-master": {
      "inputs": {
        "flakeNimbleLib": [
          "flakeNimbleLib"
        ],
        "nixpkgs": [
          "nixpkgs"
        ],
        "packedjson": "packedjson",
        "src-onedrive-master": "src-onedrive-master"
      },
      "locked": {
        "dir": "master",
        "lastModified": 1662255376,
        "narHash": "sha256-+lDQQJdU74+M3ytnMxenYGTlPnmCjZ/rMUGFb6Veh7g=",
        "owner": "nim-nix-pkgs",
        "repo": "onedrive",
        "rev": "215e4b01ed27c797285ae0db6e7d67ca8c1dfba1",
        "type": "github"
      },
      "original": {
        "dir": "master",
        "owner": "nim-nix-pkgs",
        "ref": "master",
        "repo": "onedrive",
        "type": "github"
      }
    },
    "packedjson": {
      "inputs": {
        "flakeNimbleLib": [
          "onedrive-master",
          "flakeNimbleLib"
        ],
        "nixpkgs": [
          "onedrive-master",
          "nixpkgs"
        ],
        "src-packedjson-0_2_2": "src-packedjson-0_2_2"
      },
      "locked": {
        "dir": "0_2_2",
        "lastModified": 1662254728,
        "narHash": "sha256-MgXdYmYxJTlhOl4y4xgKo+uwSwCiEpS7SbtMdTQfdh4=",
        "owner": "nim-nix-pkgs",
        "repo": "packedjson",
        "rev": "bc06e3ac0bbbfb86d5f5045282233a7bcb8e3719",
        "type": "github"
      },
      "original": {
        "dir": "0_2_2",
        "owner": "nim-nix-pkgs",
        "ref": "master",
        "repo": "packedjson",
        "type": "github"
      }
    },
    "root": {
      "inputs": {
        "flakeNimbleLib": "flakeNimbleLib",
        "nixpkgs": "nixpkgs",
        "onedrive-master": "onedrive-master"
      }
    },
    "src-onedrive-master": {
      "flake": false,
      "locked": {
        "lastModified": 1578089595,
        "narHash": "sha256-ohmLXoBjI+VJpL3UmTXjbXpC4oy0OLKLx+O94tgPnvM=",
        "owner": "ThomasTJdev",
        "repo": "nim_onedrive",
        "rev": "4e7b261dbb03c1e3e98d34f68972f20bdcc4cf44",
        "type": "github"
      },
      "original": {
        "owner": "ThomasTJdev",
        "ref": "refs/heads/master",
        "repo": "nim_onedrive",
        "type": "github"
      }
    },
    "src-packedjson-0_2_2": {
      "flake": false,
      "locked": {
        "lastModified": 1607177406,
        "narHash": "sha256-veQIFTkdECd7gS7SCJcxDdhZCUsIO11YHOwcgYrNAow=",
        "owner": "Araq",
        "repo": "packedjson",
        "rev": "d11d167905f65935e31772c1edec88ca8fe055e2",
        "type": "github"
      },
      "original": {
        "owner": "Araq",
        "ref": "refs/tags/0.2.2",
        "repo": "packedjson",
        "type": "github"
      }
    }
  },
  "root": "root",
  "version": 7
}
